Microsoft Visual Studio Solution File, Format Version 11.00
# Visual Studio 2008

Project("{6D0C4E36-EEA0-B07F-80B7-BB4F4E6ED5C3}") = "trabalho2", "Assembly-CSharp.csproj", "{2F9644C0-0F22-A123-0E55-EB372EB6ECE2}"
EndProject
Global
	GlobalSection(SolutionConfigurationPlatforms) = preSolution
		Debug|Any CPU = Debug|Any CPU
		Release|Any CPU = Release|Any CPU
	EndGlobalSection
	GlobalSection(ProjectConfigurationPlatforms) = postSolution
		{2F9644C0-0F22-A123-0E55-EB372EB6ECE2}.Debug|Any CPU.ActiveCfg = Debug|Any CPU
		{2F9644C0-0F22-A123-0E55-EB372EB6ECE2}.Debug|Any CPU.Build.0 = Debug|Any CPU
		{2F9644C0-0F22-A123-0E55-EB372EB6ECE2}.Release|Any CPU.ActiveCfg = Release|Any CPU
		{2F9644C0-0F22-A123-0E55-EB372EB6ECE2}.Release|Any CPU.Build.0 = Release|Any CPU
	EndGlobalSection
	GlobalSection(SolutionProperties) = preSolution
		HideSolutionNode = FALSE
	EndGlobalSection
	GlobalSection(MonoDevelopProperties) = preSolution
		StartupItem = Assembly-CSharp.csproj
	EndGlobalSection
EndGlobal
